// !$*UTF8*$!
{
	archiveVersion = 1;
	classes = {
	};
	objectVersion = 56;
	objects = {

/* Begin PBXBuildFile section */
		2764E3432BCFC98E00833F92 /* WallBreakers_ChatGLTApp.swift in Sources */ = {isa = PBXBuildFile; fileRef = 2764E3422BCFC98E00833F92 /* WallBreakers_ChatGLTApp.swift */; };
		2764E3452BCFC98E00833F92 /* ContentView.swift in Sources */ = {isa = PBXBuildFile; fileRef = 2764E3442BCFC98E00833F92 /* ContentView.swift */; };
		2764E3472BCFC99000833F92 /* Assets.xcassets in Resources */ = {isa = PBXBuildFile; fileRef = 2764E3462BCFC99000833F92 /* Assets.xcassets */; };
		2764E34A2BCFC99000833F92 /* Preview Assets.xcassets in Resources */ = {isa = PBXBuildFile; fileRef = 2764E3492BCFC99000833F92 /* Preview Assets.xcassets */; };
		2764E3512BCFC9BE00833F92 /* MessageModel.swift in Sources */ = {isa = PBXBuildFile; fileRef = 2764E3502BCFC9BE00833F92 /* MessageModel.swift */; };
		2764E3532BCFC9E600833F92 /* DotLoadingView.swift in Sources */ = {isa = PBXBuildFile; fileRef = 2764E3522BCFC9E600833F92 /* DotLoadingView.swift */; };
		2764E3552BCFC9FD00833F92 /* NetworkManager.swift in Sources */ = {isa = PBXBuildFile; fileRef = 2764E3542BCFC9FD00833F92 /* NetworkManager.swift */; };
/* End PBXBuildFile section */

/* Begin PBXFileReference section */
		2764E33F2BCFC98E00833F92 /* WallBreakers_ChatGLT.app */ = {isa = PBXFileReference; explicitFileType = wrapper.application; includeInIndex = 0; path = WallBreakers_ChatGLT.app; sourceTree = BUILT_PRODUCTS_DIR; };
		2764E3422BCFC98E00833F92 /* WallBreakers_ChatGLTApp.swift */ = {isa = PBXFileReference; lastKnownFileType = sourcecode.swift; path = WallBreakers_ChatGLTApp.swift; sourceTree = "<group>"; };
		2764E3442BCFC98E00833F92 /* ContentView.swift */ = {isa = PBXFileReference; lastKnownFileType = sourcecode.swift; path = ContentView.swift; sourceTree = "<group>"; };
		2764E3462BCFC99000833F92 /* Assets.xcassets */ = {isa = PBXFileReference; lastKnownFileType = folder.assetcatalog; path = Assets.xcassets; sourceTree = "<group>"; };
		2764E3492BCFC99000833F92 /* Preview Assets.xcassets */ = {isa = PBXFileReference; lastKnownFileType = folder.assetcatalog; path = "Preview Assets.xcassets"; sourceTree = "<group>"; };
		2764E3502BCFC9BE00833F92 /* MessageModel.swift */ = {isa = PBXFileReference; lastKnownFileType = sourcecode.swift; path = MessageModel.swift; sourceTree = "<group>"; };
		2764E3522BCFC9E600833F92 /* DotLoadingView.swift */ = {isa = PBXFileReference; lastKnownFileType = sourcecode.swift; path = DotLoadingView.swift; sourceTree = "<group>"; };
		2764E3542BCFC9FD00833F92 /* NetworkManager.swift */ = {isa = PBXFileReference; lastKnownFileType = sourcecode.swift; path = NetworkManager.swift; sourceTree = "<group>"; };
		2764E3562BCFCA7100833F92 /* WallBreakers-ChatGLT-Info.plist */ = {isa = PBXFileReference; lastKnownFileType = text.plist; path = "WallBreakers-ChatGLT-Info.plist"; sourceTree = SOURCE_ROOT; };
/* End PBXFileReference section */

/* Begin PBXFrameworksBuildPhase section */
		2764E33C2BCFC98E00833F92 /* Frameworks */ = {
			isa = PBXFrameworksBuildPhase;
			buildActionMask = 2147483647;
			files = (
			);
			runOnlyForDeploymentPostprocessing = 0;
		};
/* End PBXFrameworksBuildPhase section */

/* Begin PBXGroup section */
		2764E3362BCFC98E00833F92 = {
			isa = PBXGroup;
			children = (
				2764E3412BCFC98E00833F92 /* WallBreakers_ChatGLT */,
				2764E3402BCFC98E00833F92 /* Products */,
			);
			sourceTree = "<group>";
		};
		2764E3402BCFC98E00833F92 /* Products */ = {
			isa = PBXGroup;
			children = (
				2764E33F2BCFC98E00833F92 /* WallBreakers_ChatGLT.app */,
			);
			name = Products;
			sourceTree = "<group>";
		};
		2764E3412BCFC98E00833F92 /* WallBreakers_ChatGLT */ = {
			isa = PBXGroup;
			children = (
				2764E3562BCFCA7100833F92 /* WallBreakers-ChatGLT-Info.plist */,
				2764E3422BCFC98E00833F92 /* WallBreakers_ChatGLTApp.swift */,
				2764E3442BCFC98E00833F92 /* ContentView.swift */,
				2764E3502BCFC9BE00833F92 /* MessageModel.swift */,
				2764E3462BCFC99000833F92 /* Assets.xcassets */,
				2764E3482BCFC99000833F92 /* Preview Content */,
			);
			path = WallBreakers_ChatGLT;
			sourceTree = "<group>";
		};
		2764E3482BCFC99000833F92 /* Preview Content */ = {
			isa = PBXGroup;
			children = (
				2764E3492BCFC99000833F92 /* Preview Assets.xcassets */,
				2764E3522BCFC9E600833F92 /* DotLoadingView.swift */,
				2764E3542BCFC9FD00833F92 /* NetworkManager.swift */,
			);
			path = "Preview Content";
			sourceTree = "<group>";
		};
/* End PBXGroup section */

/* Begin PBXNativeTarget section */
		2764E33E2BCFC98E00833F92 /* WallBreakers_ChatGLT */ = {
			isa = PBXNativeTarget;
			buildConfigurationList = 2764E34D2BCFC99000833F92 /* Build configuration list for PBXNativeTarget "WallBreakers_ChatGLT" */;
			buildPhases = (
				2764E33B2BCFC98E00833F92 /* Sources */,
				2764E33C2BCFC98E00833F92 /* Frameworks */,
				2764E33D2BCFC98E00833F92 /* Resources */,
			);
			buildRules = (
			);
			dependencies = (
			);
			name = WallBreakers_ChatGLT;
			productName = WallBreakers_ChatGLT;
			productReference = 2764E33F2BCFC98E00833F92 /* WallBreakers_ChatGLT.app */;
			productType = "com.apple.product-type.application";
		};
/* End PBXNativeTarget section */

/* Begin PBXProject section */
		2764E3372BCFC98E00833F92 /* Project object */ = {
			isa = PBXProject;
			attributes = {
				BuildIndependentTargetsInParallel = 1;
				LastSwiftUpdateCheck = 1520;
				LastUpgradeCheck = 1520;
				TargetAttributes = {
					2764E33E2BCFC98E00833F92 = {
						CreatedOnToolsVersion = 15.2;
					};
				};
			};
			buildConfigurationList = 2764E33A2BCFC98E00833F92 /* Build configuration list for PBXProject "WallBreakers_ChatGLT" */;
			compatibilityVersion = "Xcode 14.0";
			developmentRegion = en;
			hasScannedForEncodings = 0;
			knownRegions = (
				en,
				Base,
			);
			mainGroup = 2764E3362BCFC98E00833F92;
			productRefGroup = 2764E3402BCFC98E00833F92 /* Products */;
			projectDirPath = "";
			projectRoot = "";
			targets = (
				2764E33E2BCFC98E00833F92 /* WallBreakers_ChatGLT */,
			);
		};
/* End PBXProject section */

/* Begin PBXResourcesBuildPhase section */
		2764E33D2BCFC98E00833F92 /* Resources */ = {
			isa = PBXResourcesBuildPhase;
			buildActionMask = 2147483647;
			files = (
				2764E34A2BCFC99000833F92 /* Preview Assets.xcassets in Resources */,
				2764E3472BCFC99000833F92 /* Assets.xcassets in Resources */,
			);
			runOnlyForDeploymentPostprocessing = 0;
		};
/* End PBXResourcesBuildPhase section */

/* Begin PBXSourcesBuildPhase section */
		2764E33B2BCFC98E00833F92 /* Sources */ = {
			isa = PBXSourcesBuildPhase;
			buildActionMask = 2147483647;
			files = (
				2764E3452BCFC98E00833F92 /* ContentView.swift in Sources */,
				2764E3512BCFC9BE00833F92 /* MessageModel.swift in Sources */,
				2764E3552BCFC9FD00833F92 /* NetworkManager.swift in Sources */,
				2764E3432BCFC98E00833F92 /* WallBreakers_ChatGLTApp.swift in Sources */,
				2764E3532BCFC9E600833F92 /* DotLoadingView.swift in Sources */,
			);
			runOnlyForDeploymentPostprocessing = 0;
		};
/* End PBXSourcesBuildPhase section */

/* Begin XCBuildConfiguration section */
		2764E34B2BCFC99000833F92 /* Debug */ = {
			isa = XCBuildConfiguration;
			buildSettings = {
				ALWAYS_SEARCH_USER_PATHS = NO;
				ASSETCATALOG_COMPILER_GENERATE_SWIFT_ASSET_SYMBOL_EXTENSIONS = YES;
				CLANG_ANALYZER_NONNULL = YES;
				CLANG_ANALYZER_NUMBER_OBJECT_CONVERSION = YES_AGGRESSIVE;
				CLANG_CXX_LANGUAGE_STANDARD = "gnu++20";
				CLANG_ENABLE_MODULES = YES;
				CLANG_ENABLE_OBJC_ARC = YES;
				CLANG_ENABLE_OBJC_WEAK = YES;
				CLANG_WARN_BLOCK_CAPTURE_AUTORELEASING = YES;
				CLANG_WARN_BOOL_CONVERSION = YES;
				CLANG_WARN_COMMA = YES;
				CLANG_WARN_CONSTANT_CONVERSION = YES;
				CLANG_WARN_DEPRECATED_OBJC_IMPLEMENTATIONS = YES;
				CLANG_WARN_DIRECT_OBJC_ISA_USAGE = YES_ERROR;
				CLANG_WARN_DOCUMENTATION_COMMENTS = YES;
				CLANG_WARN_EMPTY_BODY = YES;
				CLANG_WARN_ENUM_CONVERSION = YES;
				CLANG_WARN_INFINITE_RECURSION = YES;
				CLANG_WARN_INT_CONVERSION = YES;
				CLANG_WARN_NON_LITERAL_NULL_CONVERSION = YES;
				CLANG_WARN_OBJC_IMPLICIT_RETAIN_SELF = YES;
				CLANG_WARN_OBJC_LITERAL_CONVERSION = YES;
				CLANG_WARN_OBJC_ROOT_CLASS = YES_ERROR;
				CLANG_WARN_QUOTED_INCLUDE_IN_FRAMEWORK_HEADER = YES;
				CLANG_WARN_RANGE_LOOP_ANALYSIS = YES;
				CLANG_WARN_STRICT_PROTOTYPES = YES;
				CLANG_WARN_SUSPICIOUS_MOVE = YES;
				CLANG_WARN_UNGUARDED_AVAILABILITY = YES_AGGRESSIVE;
				CLANG_WARN_UNREACHABLE_CODE = YES;
				CLANG_WARN__DUPLICATE_METHOD_MATCH = YES;
				COPY_PHASE_STRIP = NO;
				DEBUG_INFORMATION_FORMAT = dwarf;
				ENABLE_STRICT_OBJC_MSGSEND = YES;
				ENABLE_TESTABILITY = YES;
				ENABLE_USER_SCRIPT_SANDBOXING = YES;
				GCC_C_LANGUAGE_STANDARD = gnu17;
				GCC_DYNAMIC_NO_PIC = NO;
				GCC_NO_COMMON_BLOCKS = YES;
				GCC_OPTIMIZATION_LEVEL = 0;
				GCC_PREPROCESSOR_DEFINITIONS = (
					"DEBUG=1",
					"$(inherited)",
				);
				GCC_WARN_64_TO_32_BIT_CONVERSION = YES;
				GCC_WARN_ABOUT_RETURN_TYPE = YES_ERROR;
				GCC_WARN_UNDECLARED_SELECTOR = YES;
				GCC_WARN_UNINITIALIZED_AUTOS = YES_AGGRESSIVE;
				GCC_WARN_UNUSED_FUNCTION = YES;
				GCC_WARN_UNUSED_VARIABLE = YES;
				IPHONEOS_DEPLOYMENT_TARGET = 17.2;
				LOCALIZATION_PREFERS_STRING_CATALOGS = YES;
				MTL_ENABLE_DEBUG_INFO = INCLUDE_SOURCE;
				MTL_FAST_MATH = YES;
				ONLY_ACTIVE_ARCH = YES;
				SDKROOT = iphoneos;
				SWIFT_ACTIVE_COMPILATION_CONDITIONS = "DEBUG $(inherited)";
				SWIFT_OPTIMIZATION_LEVEL = "-Onone";
			};
			name = Debug;
		};
		2764E34C2BCFC99000833F92 /* Release */ = {
			isa = XCBuildConfiguration;
			buildSettings = {
				ALWAYS_SEARCH_USER_PATHS = NO;
				ASSETCATALOG_COMPILER_GENERATE_SWIFT_ASSET_SYMBOL_EXTENSIONS = YES;
				CLANG_ANALYZER_NONNULL = YES;
				CLANG_ANALYZER_NUMBER_OBJECT_CONVERSION = YES_AGGRESSIVE;
				CLANG_CXX_LANGUAGE_STANDARD = "gnu++20";
				CLANG_ENABLE_MODULES = YES;
				CLANG_ENABLE_OBJC_ARC = YES;
				CLANG_ENABLE_OBJC_WEAK = YES;
				CLANG_WARN_BLOCK_CAPTURE_AUTORELEASING = YES;
				CLANG_WARN_BOOL_CONVERSION = YES;
				CLANG_WARN_COMMA = YES;
				CLANG_WARN_CONSTANT_CONVERSION = YES;
				CLANG_WARN_DEPRECATED_OBJC_IMPLEMENTATIONS = YES;
				CLANG_WARN_DIRECT_OBJC_ISA_USAGE = YES_ERROR;
				CLANG_WARN_DOCUMENTATION_COMMENTS = YES;
				CLANG_WARN_EMPTY_BODY = YES;
				CLANG_WARN_ENUM_CONVERSION = YES;
				CLANG_WARN_INFINITE_RECURSION = YES;
				CLANG_WARN_INT_CONVERSION = YES;
				CLANG_WARN_NON_LITERAL_NULL_CONVERSION = YES;
				CLANG_WARN_OBJC_IMPLICIT_RETAIN_SELF = YES;
				CLANG_WARN_OBJC_LITERAL_CONVERSION = YES;
				CLANG_WARN_OBJC_ROOT_CLASS = YES_ERROR;
				CLANG_WARN_QUOTED_INCLUDE_IN_FRAMEWORK_HEADER = YES;
				CLANG_WARN_RANGE_LOOP_ANALYSIS = YES;
				CLANG_WARN_STRICT_PROTOTYPES = YES;
				CLANG_WARN_SUSPICIOUS_MOVE = YES;
				CLANG_WARN_UNGUARDED_AVAILABILITY = YES_AGGRESSIVE;
				CLANG_WARN_UNREACHABLE_CODE = YES;
				CLANG_WARN__DUPLICATE_METHOD_MATCH = YES;
				COPY_PHASE_STRIP = NO;
				DEBUG_INFORMATION_FORMAT = "dwarf-with-dsym";
				ENABLE_NS_ASSERTIONS = NO;
				ENABLE_STRICT_OBJC_MSGSEND = YES;
				ENABLE_USER_SCRIPT_SANDBOXING = YES;
				GCC_C_LANGUAGE_STANDARD = gnu17;
				GCC_NO_COMMON_BLOCKS = YES;
				GCC_WARN_64_TO_32_BIT_CONVERSION = YES;
				GCC_WARN_ABOUT_RETURN_TYPE = YES_ERROR;
				GCC_WARN_UNDECLARED_SELECTOR = YES;
				GCC_WARN_UNINITIALIZED_AUTOS = YES_AGGRESSIVE;
				GCC_WARN_UNUSED_FUNCTION = YES;
				GCC_WARN_UNUSED_VARIABLE = YES;
				IPHONEOS_DEPLOYMENT_TARGET = 17.2;
				LOCALIZATION_PREFERS_STRING_CATALOGS = YES;
				MTL_ENABLE_DEBUG_INFO = NO;
				MTL_FAST_MATH = YES;
				SDKROOT = iphoneos;
				SWIFT_COMPILATION_MODE = wholemodule;
				VALIDATE_PRODUCT = YES;
			};
			name = Release;
		};
		2764E34E2BCFC99000833F92 /* Debug */ = {
			isa = XCBuildConfiguration;
			buildSettings = {
				ASSETCATALOG_COMPILER_APPICON_NAME = AppIcon;
				ASSETCATALOG_COMPILER_GLOBAL_ACCENT_COLOR_NAME = AccentColor;
				CODE_SIGN_STYLE = Automatic;
				CURRENT_PROJECT_VERSION = 1;
				DEVELOPMENT_ASSET_PATHS = "\"WallBreakers_ChatGLT/Preview Content\"";
				DEVELOPMENT_TEAM = H8HLNF7DWV;
				ENABLE_PREVIEWS = YES;
				GENERATE_INFOPLIST_FILE = YES;
				INFOPLIST_FILE = "WallBreakers-ChatGLT-Info.plist";
				INFOPLIST_KEY_UIApplicationSceneManifest_Generation = YES;
				INFOPLIST_KEY_UIApplicationSupportsIndirectInputEvents = YES;
				INFOPLIST_KEY_UILaunchScreen_Generation = YES;
				INFOPLIST_KEY_UISupportedInterfaceOrientations_iPad = "UIInterfaceOrientationPortrait UIInterfaceOrientationPortraitUpsideDown UIInterfaceOrientationLandscapeLeft UIInterfaceOrientationLandscapeRight";
				INFOPLIST_KEY_UISupportedInterfaceOrientations_iPhone = "UIInterfaceOrientationPortrait UIInterfaceOrientationLandscapeLeft UIInterfaceOrientationLandscapeRight";
				LD_RUNPATH_SEARCH_PATHS = (
					"$(inherited)",
					"@executable_path/Frameworks",
				);
				MARKETING_VERSION = 1.0;
				PRODUCT_BUNDLE_IDENTIFIER = "com.wasan.WallBreakers-ChatGLT";
				PRODUCT_NAME = "$(TARGET_NAME)";
				SWIFT_EMIT_LOC_STRINGS = YES;
				SWIFT_VERSION = 5.0;
				TARGETED_DEVICE_FAMILY = "1,2";
			};
			name = Debug;
		};
		2764E34F2BCFC99000833F92 /* Release */ = {
			isa = XCBuildConfiguration;
			buildSettings = {
				ASSETCATALOG_COMPILER_APPICON_NAME = AppIcon;
				ASSETCATALOG_COMPILER_GLOBAL_ACCENT_COLOR_NAME = AccentColor;
				CODE_SIGN_STYLE = Automatic;
				CURRENT_PROJECT_VERSION = 1;
				DEVELOPMENT_ASSET_PATHS = "\"WallBreakers_ChatGLT/Preview Content\"";
				DEVELOPMENT_TEAM = H8HLNF7DWV;
				ENABLE_PREVIEWS = YES;
				GENERATE_INFOPLIST_FILE = YES;
				INFOPLIST_FILE = "WallBreakers-ChatGLT-Info.plist";
				INFOPLIST_KEY_UIApplicationSceneManifest_Generation = YES;
				INFOPLIST_KEY_UIApplicationSupportsIndirectInputEvents = YES;
				INFOPLIST_KEY_UILaunchScreen_Generation = YES;
				INFOPLIST_KEY_UISupportedInterfaceOrientations_iPad = "UIInterfaceOrientationPortrait UIInterfaceOrientationPortraitUpsideDown UIInterfaceOrientationLandscapeLeft UIInterfaceOrientationLandscapeRight";
				INFOPLIST_KEY_UISupportedInterfaceOrientations_iPhone = "UIInterfaceOrientationPortrait UIInterfaceOrientationLandscapeLeft UIInterfaceOrientationLandscapeRight";
				LD_RUNPATH_SEARCH_PATHS = (
					"$(inherited)",
					"@executable_path/Frameworks",
				);
				MARKETING_VERSION = 1.0;
				PRODUCT_BUNDLE_IDENTIFIER = "com.wasan.WallBreakers-ChatGLT";
				PRODUCT_NAME = "$(TARGET_NAME)";
				SWIFT_EMIT_LOC_STRINGS = YES;
				SWIFT_VERSION = 5.0;
				TARGETED_DEVICE_FAMILY = "1,2";
			};
			name = Release;
		};
/* End XCBuildConfiguration section */

/* Begin XCConfigurationList section */
		2764E33A2BCFC98E00833F92 /* Build configuration list for PBXProject "WallBreakers_ChatGLT" */ = {
			isa = XCConfigurationList;
			buildConfigurations = (
				2764E34B2BCFC99000833F92 /* Debug */,
				2764E34C2BCFC99000833F92 /* Release */,
			);
			defaultConfigurationIsVisible = 0;
			defaultConfigurationName = Release;
		};
		2764E34D2BCFC99000833F92 /* Build configuration list for PBXNativeTarget "WallBreakers_ChatGLT" */ = {
			isa = XCConfigurationList;
			buildConfigurations = (
				2764E34E2BCFC99000833F92 /* Debug */,
				2764E34F2BCFC99000833F92 /* Release */,
			);
			defaultConfigurationIsVisible = 0;
			defaultConfigurationName = Release;
		};
/* End XCConfigurationList section */
	};
	rootObject = 2764E3372BCFC98E00833F92 /* Project object */;
}
